[[package]]
category = "main"
description = "Screen-scraping library"
name = "beautifulsoup4"
optional = false
python-versions = "*"
version = "4.9.1"

[package.dependencies]
soupsieve = [">1.2", "<2.0"]

[package.extras]
html5lib = ["html5lib"]
lxml = ["lxml"]

[[package]]
category = "main"
description = "Python package for providing Mozilla's CA Bundle."
name = "certifi"
optional = false
python-versions = "*"
version = "2020.4.5.1"

[[package]]
category = "main"
description = "Universal encoding detector for Python 2 and 3"
name = "chardet"
optional = false
python-versions = "*"
version = "3.0.4"

[[package]]
category = "main"
description = "A Python module to bypass Cloudflare's anti-bot page."
name = "cloudscraper"
optional = false
python-versions = "*"
version = "1.2.38"

[package.dependencies]
pyparsing = ">=2.4.7"
requests = ">=2.9.2"
requests-toolbelt = ">=0.9.1"

[[package]]
category = "main"
description = "Internationalized Domain Names in Applications (IDNA)"
name = "idna"
optional = false
python-versions = ">=2.7, !=3.0.*, !=3.1.*, !=3.2.*, !=3.3.*"
version = "2.9"

[[package]]
category = "main"
description = "Iterative JSON parser with a standard Python iterator interface"
name = "ijson"
optional = false
python-versions = "*"
version = "3.0.4"

[[package]]
category = "main"
description = "Python parsing module"
name = "pyparsing"
optional = false
python-versions = ">=2.6, !=3.0.*, !=3.1.*, !=3.2.*"
version = "2.4.7"

[[package]]
category = "main"
description = "Python HTTP for Humans."
name = "requests"
optional = false
python-versions = ">=2.7, !=3.0.*, !=3.1.*, !=3.2.*, !=3.3.*, !=3.4.*"
version = "2.23.0"

[package.dependencies]
certifi = ">=2017.4.17"
chardet = ">=3.0.2,<4"
idna = ">=2.5,<3"
urllib3 = ">=1.21.1,<1.25.0 || >1.25.0,<1.25.1 || >1.25.1,<1.26"

[package.extras]
security = ["pyOpenSSL (>=0.14)", "cryptography (>=1.3.4)"]
socks = ["PySocks (>=1.5.6,<1.5.7 || >1.5.7)", "win-inet-pton"]

[[package]]
category = "main"
description = "A utility belt for advanced users of python-requests"
name = "requests-toolbelt"
optional = false
python-versions = "*"
version = "0.9.1"

[package.dependencies]
requests = ">=2.0.1,<3.0.0"

[[package]]
category = "main"
description = "A modern CSS selector implementation for Beautiful Soup."
name = "soupsieve"
optional = false
python-versions = "*"
version = "1.9.6"

[[package]]
category = "main"
description = "Fast, Extensible Progress Meter"
name = "tqdm"
optional = false
python-versions = ">=2.6, !=3.0.*, !=3.1.*"
version = "4.46.1"

[package.extras]
dev = ["py-make (>=0.1.0)", "twine", "argopt", "pydoc-markdown"]

[[package]]
category = "main"
description = "HTTP library with thread-safe connection pooling, file post, and more."
name = "urllib3"
optional = false
python-versions = ">=2.7, !=3.0.*, !=3.1.*, !=3.2.*, !=3.3.*, !=3.4.*, <4"
version = "1.25.9"

[package.extras]
brotli = ["brotlipy (>=0.6.0)"]
secure = ["certifi", "cryptography (>=1.3.4)", "idna (>=2.0.0)", "pyOpenSSL (>=0.14)", "ipaddress"]
socks = ["PySocks (>=1.5.6,<1.5.7 || >1.5.7,<2.0)"]

[metadata]
content-hash = "deb80b3f265cb02bf4ab58672be58b204c73605f1f0c68d8b1004f684ad85def"
python-versions = "^3.7"

[metadata.files]
beautifulsoup4 = [
    {file = "beautifulsoup4-4.9.1-py2-none-any.whl", hash = "sha256:e718f2342e2e099b640a34ab782407b7b676f47ee272d6739e60b8ea23829f2c"},
    {file = "beautifulsoup4-4.9.1-py3-none-any.whl", hash = "sha256:a6237df3c32ccfaee4fd201c8f5f9d9df619b93121d01353a64a73ce8c6ef9a8"},
    {file = "beautifulsoup4-4.9.1.tar.gz", hash = "sha256:73cc4d115b96f79c7d77c1c7f7a0a8d4c57860d1041df407dd1aae7f07a77fd7"},
]
certifi = [
    {file = "certifi-2020.4.5.1-py2.py3-none-any.whl", hash = "sha256:1d987a998c75633c40847cc966fcf5904906c920a7f17ef374f5aa4282abd304"},
    {file = "certifi-2020.4.5.1.tar.gz", hash = "sha256:51fcb31174be6e6664c5f69e3e1691a2d72a1a12e90f872cbdb1567eb47b6519"},
]
chardet = [
    {file = "chardet-3.0.4-py2.py3-none-any.whl", hash = "sha256:fc323ffcaeaed0e0a02bf4d117757b98aed530d9ed4531e3e15460124c106691"},
    {file = "chardet-3.0.4.tar.gz", hash = "sha256:84ab92ed1c4d4f16916e05906b6b75a6c0fb5db821cc65e70cbd64a3e2a5eaae"},
]
cloudscraper = [
    {file = "cloudscraper-1.2.38-py2.py3-none-any.whl", hash = "sha256:3893be3c281ddb7a39bf35e558da19247a39a408ef48078fdabf5058b7659d6c"},
    {file = "cloudscraper-1.2.38.tar.gz", hash = "sha256:db295c5ca33f22ae058f317b07c6842a2b16d75c9e11e38d21395363d089692f"},
]
idna = [
    {file = "idna-2.9-py2.py3-none-any.whl", hash = "sha256:a068a21ceac8a4d63dbfd964670474107f541babbd2250d61922f029858365fa"},
    {file = "idna-2.9.tar.gz", hash = "sha256:7588d1c14ae4c77d74036e8c22ff447b26d0fde8f007354fd48a7814db15b7cb"},
]
ijson = [
    {file = "ijson-3.0.4-cp27-cp27m-macosx_10_6_x86_64.whl", hash = "sha256:244606e042bb836d75be6c9d890ca9cf5774ffee6306337c73624b5252e97cc9"},
    {file = "ijson-3.0.4-cp27-cp27m-manylinux1_x86_64.whl", hash = "sha256:9a1dbfa2887caf50022ee5ee226d9dd347498da63bbf3ed8e655aa4826240977"},
    {file = "ijson-3.0.4-cp27-cp27mu-manylinux1_x86_64.whl", hash = "sha256:077151d61e4760e4281ba4f8639f7ed5b3ce93ec0b51e6648485a39b2ed449d8"},
    {file = "ijson-3.0.4-cp34-cp34m-macosx_10_6_x86_64.whl", hash = "sha256:d045d2cb728d4553b7eca0c9464888ea181dfa65e16dacf8b369fcd7757bc1fa"},
    {file = "ijson-3.0.4-cp35-cp35m-macosx_10_6_x86_64.whl", hash = "sha256:176c6638351cad63d4cd803237185e9e79656527498f527e1adcff839540c08f"},
    {file = "ijson-3.0.4-cp35-cp35m-manylinux1_x86_64.whl", hash = "sha256:8389eddab9abc19145995d9d485bfc5cba8fd6b18b14b36106e0ac7ae689d345"},
    {file = "ijson-3.0.4-cp35-cp35m-win32.whl", hash = "sha256:9cf47e65eec4ce5b94c5c71888c3356537394b17e24d9c9b47e3a5eef124c41e"},
    {file = "ijson-3.0.4-cp35-cp35m-win_amd64.whl", hash = "sha256:ee8544d2ca4f39ae6f920be72022bb7f3928639bc4767bd0299a44b2005df3fe"},
    {file = "ijson-3.0.4-cp36-cp36m-macosx_10_6_x86_64.whl", hash = "sha256:0d7fd00900493497e58b7873a53ff6f27a7070875f285d4e7d80a5c62d745f80"},
    {file = "ijson-3.0.4-cp36-cp36m-manylinux1_x86_64.whl", hash = "sha256:4113be2f0332d15a13fb8599655218678eace0bebd736a8ba3ef8856ce0e74c6"},
    {file = "ijson-3.0.4-cp36-cp36m-win32.whl", hash = "sha256:3925cff93a904423d4284855990dd386aa524304d4cb8ec7b3afc78e34de1ec6"},
    {file = "ijson-3.0.4-cp36-cp36m-win_amd64.whl", hash = "sha256:c9bf76a3d54280bb0a2c45d475dc822ab35f265824f336977843f0b2e5e4de39"},
    {file = "ijson-3.0.4-cp37-cp37m-macosx_10_6_x86_64.whl", hash = "sha256:68ffb77e234eabba3d4c98d8f3c9c14d971cbe6ffc5a703f252dbf73163d857e"},
    {file = "ijson-3.0.4-cp37-cp37m-manylinux1_x86_64.whl", hash = "sha256:29b44c7ae1a7a3dc27d835e6bf23c6c07350eacd7b13b54ace16fe6d167ff684"},
    {file = "ijson-3.0.4-cp37-cp37m-win32.whl", hash = "sha256:4fb8dd9b12f6996442a69012375886e7393d57c0c0b6185bf191d6e6d4d9394d"},
    {file = "ijson-3.0.4-cp37-cp37m-win_amd64.whl", hash = "sha256:2589c757fec65b07a459af630059766149cdde3ff1c3a171a726a7b5842fbcf5"},
    {file = "ijson-3.0.4-cp38-cp38-manylinux1_x86_64.whl", hash = "sha256:40dc2826a340737de2927a6523ce722fff187811c06b744cf69e09de9a0aa79e"},
    {file = "ijson-3.0.4-cp38-cp38-win32.whl", hash = "sha256:7cdd8de953e2782fdedccc01e3b22cd1bc1c3e92cf253c27daf7c65e62fd0a53"},
    {file = "ijson-3.0.4-cp38-cp38-win_amd64.whl", hash = "sha256:9bb773fc34a4c6b60d31329063f9bf870e238bbe619c6b9805bfb4ba5f12472e"},
    {file = "ijson-3.0.4.tar.gz", hash = "sha256:6e25448318cda55e82a5de52beb6813b003cb8e4a7b5753305912a30055a29f8"},
]
pyparsing = [
    {file = "pyparsing-2.4.7-py2.py3-none-any.whl", hash = "sha256:ef9d7589ef3c200abe66653d3f1ab1033c3c419ae9b9bdb1240a85b024efc88b"},
    {file = "pyparsing-2.4.7.tar.gz", hash = "sha256:c203ec8783bf771a155b207279b9bccb8dea02d8f0c9e5f8ead507bc3246ecc1"},
]
requests = [
    {file = "requests-2.23.0-py2.py3-none-any.whl", hash = "sha256:43999036bfa82904b6af1d99e4882b560e5e2c68e5c4b0aa03b655f3d7d73fee"},
    {file = "requests-2.23.0.tar.gz", hash = "sha256:b3f43d496c6daba4493e7c431722aeb7dbc6288f52a6e04e7b6023b0247817e6"},
]
requests-toolbelt = [
    {file = "requests-toolbelt-0.9.1.tar.gz", hash = "sha256:968089d4584ad4ad7c171454f0a5c6dac23971e9472521ea3b6d49d610aa6fc0"},
    {file = "requests_toolbelt-0.9.1-py2.py3-none-any.whl", hash = "sha256:380606e1d10dc85c3bd47bf5a6095f815ec007be7a8b69c878507068df059e6f"},
]
soupsieve = [
    {file = "soupsieve-1.9.6-py2.py3-none-any.whl", hash = "sha256:feb1e937fa26a69e08436aad4a9037cd7e1d4c7212909502ba30701247ff8abd"},
    {file = "soupsieve-1.9.6.tar.gz", hash = "sha256:7985bacc98c34923a439967c1a602dc4f1e15f923b6fcf02344184f86cc7efaa"},
]
tqdm = [
    {file = "tqdm-4.46.1-py2.py3-none-any.whl", hash = "sha256:07c06493f1403c1380b630ae3dcbe5ae62abcf369a93bbc052502279f189ab8c"},
    {file = "tqdm-4.46.1.tar.gz", hash = "sha256:cd140979c2bebd2311dfb14781d8f19bd5a9debb92dcab9f6ef899c987fcf71f"},
]
urllib3 = [
    {file = "urllib3-1.25.9-py2.py3-none-any.whl", hash = "sha256:88206b0eb87e6d677d424843ac5209e3fb9d0190d0ee169599165ec25e9d9115"},
    {file = "urllib3-1.25.9.tar.gz", hash = "sha256:3018294ebefce6572a474f0604c2021e33b3fd8006ecd11d62107a5d2a963527"},
]
